// !$*UTF8*$!
{
	archiveVersion = 1;
	classes = {
	};
	objectVersion = 77;
	objects = {

/* Begin PBXBuildFile section */
		4A2271AA2DAD8730004AAC95 /* Trip+CoreDataClass.swift in Sources */ = {isa = PBXBuildFile; fileRef = 4A2271A62DAD8730004AAC95 /* Trip+CoreDataClass.swift */; };
		4A2271AB2DAD8730004AAC95 /* Trip+CoreDataProperties.swift in Sources */ = {isa = PBXBuildFile; fileRef = 4A2271A72DAD8730004AAC95 /* Trip+CoreDataProperties.swift */; };
		4A2271AC2DAD8730004AAC95 /* User+CoreDataClass.swift in Sources */ = {isa = PBXBuildFile; fileRef = 4A2271A82DAD8730004AAC95 /* User+CoreDataClass.swift */; };
		4A2271AD2DAD8730004AAC95 /* Destination+CoreDataClass.swift in Sources */ = {isa = PBXBuildFile; fileRef = 4A2271A42DAD8730004AAC95 /* Destination+CoreDataClass.swift */; };
		4A2271AE2DAD8730004AAC95 /* Destination+CoreDataProperties.swift in Sources */ = {isa = PBXBuildFile; fileRef = 4A2271A52DAD8730004AAC95 /* Destination+CoreDataProperties.swift */; };
		4A2271AF2DAD8730004AAC95 /* User+CoreDataProperties.swift in Sources */ = {isa = PBXBuildFile; fileRef = 4A2271A92DAD8730004AAC95 /* User+CoreDataProperties.swift */; };
/* End PBXBuildFile section */

/* Begin PBXContainerItemProxy section */
		4A22714C2DAD57F0004AAC95 /* PBXContainerItemProxy */ = {
			isa = PBXContainerItemProxy;
			containerPortal = 4A22712A2DAD57EF004AAC95 /* Project object */;
			proxyType = 1;
			remoteGlobalIDString = 4A2271312DAD57EF004AAC95;
			remoteInfo = TravelPlanner;
		};
		4A2271562DAD57F0004AAC95 /* PBXContainerItemProxy */ = {
			isa = PBXContainerItemProxy;
			containerPortal = 4A22712A2DAD57EF004AAC95 /* Project object */;
			proxyType = 1;
			remoteGlobalIDString = 4A2271312DAD57EF004AAC95;
			remoteInfo = TravelPlanner;
		};
/* End PBXContainerItemProxy section */

/* Begin PBXFileReference section */
		4A2271322DAD57EF004AAC95 /* TravelPlanner.app */ = {isa = PBXFileReference; explicitFileType = wrapper.application; includeInIndex = 0; path = TravelPlanner.app; sourceTree = BUILT_PRODUCTS_DIR; };
		4A22714B2DAD57F0004AAC95 /* TravelPlannerTests.xctest */ = {isa = PBXFileReference; explicitFileType = wrapper.cfbundle; includeInIndex = 0; path = TravelPlannerTests.xctest; sourceTree = BUILT_PRODUCTS_DIR; };
		4A2271552DAD57F0004AAC95 /* TravelPlannerUITests.xctest */ = {isa = PBXFileReference; explicitFileType = wrapper.cfbundle; includeInIndex = 0; path = TravelPlannerUITests.xctest; sourceTree = BUILT_PRODUCTS_DIR; };
		4A2271A42DAD8730004AAC95 /* Destination+CoreDataClass.swift */ = {isa = PBXFileReference; lastKnownFileType = sourcecode.swift; path = "Destination+CoreDataClass.swift"; sourceTree = "<group>"; };
		4A2271A52DAD8730004AAC95 /* Destination+CoreDataProperties.swift */ = {isa = PBXFileReference; lastKnownFileType = sourcecode.swift; path = "Destination+CoreDataProperties.swift"; sourceTree = "<group>"; };
		4A2271A62DAD8730004AAC95 /* Trip+CoreDataClass.swift */ = {isa = PBXFileReference; lastKnownFileType = sourcecode.swift; path = "Trip+CoreDataClass.swift"; sourceTree = "<group>"; };
		4A2271A72DAD8730004AAC95 /* Trip+CoreDataProperties.swift */ = {isa = PBXFileReference; lastKnownFileType = sourcecode.swift; path = "Trip+CoreDataProperties.swift"; sourceTree = "<group>"; };
		4A2271A82DAD8730004AAC95 /* User+CoreDataClass.swift */ = {isa = PBXFileReference; lastKnownFileType = sourcecode.swift; path = "User+CoreDataClass.swift"; sourceTree = "<group>"; };
		4A2271A92DAD8730004AAC95 /* User+CoreDataProperties.swift */ = {isa = PBXFileReference; lastKnownFileType = sourcecode.swift; path = "User+CoreDataProperties.swift"; sourceTree = "<group>"; };
/* End PBXFileReference section */

/* Begin PBXFileSystemSynchronizedBuildFileExceptionSet section */
		4A22715D2DAD57F0004AAC95 /* Exceptions for "TravelPlanner" folder in "TravelPlanner" target */ = {
			isa = PBXFileSystemSynchronizedBuildFileExceptionSet;
			membershipExceptions = (
				Info.plist,
			);
			target = 4A2271312DAD57EF004AAC95 /* TravelPlanner */;
		};
/* End PBXFileSystemSynchronizedBuildFileExceptionSet section */

/* Begin PBXFileSystemSynchronizedRootGroup section */
		4A2271342DAD57EF004AAC95 /* TravelPlanner */ = {
			isa = PBXFileSystemSynchronizedRootGroup;
			exceptions = (
				4A22715D2DAD57F0004AAC95 /* Exceptions for "TravelPlanner" folder in "TravelPlanner" target */,
			);
			path = TravelPlanner;
			sourceTree = "<group>";
		};
		4A22714E2DAD57F0004AAC95 /* TravelPlannerTests */ = {
			isa = PBXFileSystemSynchronizedRootGroup;
			path = TravelPlannerTests;
			sourceTree = "<group>";
		};
		4A2271582DAD57F0004AAC95 /* TravelPlannerUITests */ = {
			isa = PBXFileSystemSynchronizedRootGroup;
			path = TravelPlannerUITests;
			sourceTree = "<group>";
		};
/* End PBXFileSystemSynchronizedRootGroup section */

/* Begin PBXFrameworksBuildPhase section */
		4A22712F2DAD57EF004AAC95 /* Frameworks */ = {
			isa = PBXFrameworksBuildPhase;
			buildActionMask = 2147483647;
			files = (
			);
			runOnlyForDeploymentPostprocessing = 0;
		};
		4A2271482DAD57F0004AAC95 /* Frameworks */ = {
			isa = PBXFrameworksBuildPhase;
			buildActionMask = 2147483647;
			files = (
			);
			runOnlyForDeploymentPostprocessing = 0;
		};
		4A2271522DAD57F0004AAC95 /* Frameworks */ = {
			isa = PBXFrameworksBuildPhase;
			buildActionMask = 2147483647;
			files = (
			);
			runOnlyForDeploymentPostprocessing = 0;
		};
/* End PBXFrameworksBuildPhase section */

/* Begin PBXGroup section */
		4A2271292DAD57EF004AAC95 = {
			isa = PBXGroup;
			children = (
				4A2271A42DAD8730004AAC95 /* Destination+CoreDataClass.swift */,
				4A2271A52DAD8730004AAC95 /* Destination+CoreDataProperties.swift */,
				4A2271A62DAD8730004AAC95 /* Trip+CoreDataClass.swift */,
				4A2271A72DAD8730004AAC95 /* Trip+CoreDataProperties.swift */,
				4A2271A82DAD8730004AAC95 /* User+CoreDataClass.swift */,
				4A2271A92DAD8730004AAC95 /* User+CoreDataProperties.swift */,
				4A2271342DAD57EF004AAC95 /* TravelPlanner */,
				4A22714E2DAD57F0004AAC95 /* TravelPlannerTests */,
				4A2271582DAD57F0004AAC95 /* TravelPlannerUITests */,
				4A2271332DAD57EF004AAC95 /* Products */,
			);
			sourceTree = "<group>";
		};
		4A2271332DAD57EF004AAC95 /* Products */ = {
			isa = PBXGroup;
			children = (
				4A2271322DAD57EF004AAC95 /* TravelPlanner.app */,
				4A22714B2DAD57F0004AAC95 /* TravelPlannerTests.xctest */,
				4A2271552DAD57F0004AAC95 /* TravelPlannerUITests.xctest */,
			);
			name = Products;
			sourceTree = "<group>";
		};
/* End PBXGroup section */

/* Begin PBXNativeTarget section */
		4A2271312DAD57EF004AAC95 /* TravelPlanner */ = {
			isa = PBXNativeTarget;
			buildConfigurationList = 4A22715E2DAD57F0004AAC95 /* Build configuration list for PBXNativeTarget "TravelPlanner" */;
			buildPhases = (
				4A22712E2DAD57EF004AAC95 /* Sources */,
				4A22712F2DAD57EF004AAC95 /* Frameworks */,
				4A2271302DAD57EF004AAC95 /* Resources */,
			);
			buildRules = (
			);
			dependencies = (
			);
			fileSystemSynchronizedGroups = (
				4A2271342DAD57EF004AAC95 /* TravelPlanner */,
			);
			name = TravelPlanner;
			packageProductDependencies = (
			);
			productName = TravelPlanner;
			productReference = 4A2271322DAD57EF004AAC95 /* TravelPlanner.app */;
			productType = "com.apple.product-type.application";
		};
		4A22714A2DAD57F0004AAC95 /* TravelPlannerTests */ = {
			isa = PBXNativeTarget;
			buildConfigurationList = 4A2271632DAD57F0004AAC95 /* Build configuration list for PBXNativeTarget "TravelPlannerTests" */;
			buildPhases = (
				4A2271472DAD57F0004AAC95 /* Sources */,
				4A2271482DAD57F0004AAC95 /* Frameworks */,
				4A2271492DAD57F0004AAC95 /* Resources */,
			);
			buildRules = (
			);
			dependencies = (
				4A22714D2DAD57F0004AAC95 /* PBXTargetDependency */,
			);
			fileSystemSynchronizedGroups = (
				4A22714E2DAD57F0004AAC95 /* TravelPlannerTests */,
			);
			name = TravelPlannerTests;
			packageProductDependencies = (
			);
			productName = TravelPlannerTests;
			productReference = 4A22714B2DAD57F0004AAC95 /* TravelPlannerTests.xctest */;
			productType = "com.apple.product-type.bundle.unit-test";
		};
		4A2271542DAD57F0004AAC95 /* TravelPlannerUITests */ = {
			isa = PBXNativeTarget;
			buildConfigurationList = 4A2271662DAD57F0004AAC95 /* Build configuration list for PBXNativeTarget "TravelPlannerUITests" */;
			buildPhases = (
				4A2271512DAD57F0004AAC95 /* Sources */,
				4A2271522DAD57F0004AAC95 /* Frameworks */,
				4A2271532DAD57F0004AAC95 /* Resources */,
			);
			buildRules = (
			);
			dependencies = (
				4A2271572DAD57F0004AAC95 /* PBXTargetDependency */,
			);
			fileSystemSynchronizedGroups = (
				4A2271582DAD57F0004AAC95 /* TravelPlannerUITests */,
			);
			name = TravelPlannerUITests;
			packageProductDependencies = (
			);
			productName = TravelPlannerUITests;
			productReference = 4A2271552DAD57F0004AAC95 /* TravelPlannerUITests.xctest */;
			productType = "com.apple.product-type.bundle.ui-testing";
		};
/* End PBXNativeTarget section */

/* Begin PBXProject section */
		4A22712A2DAD57EF004AAC95 /* Project object */ = {
			isa = PBXProject;
			attributes = {
				BuildIndependentTargetsInParallel = 1;
				LastSwiftUpdateCheck = 1630;
				LastUpgradeCheck = 1630;
				TargetAttributes = {
					4A2271312DAD57EF004AAC95 = {
						CreatedOnToolsVersion = 16.3;
					};
					4A22714A2DAD57F0004AAC95 = {
						CreatedOnToolsVersion = 16.3;
						TestTargetID = 4A2271312DAD57EF004AAC95;
					};
					4A2271542DAD57F0004AAC95 = {
						CreatedOnToolsVersion = 16.3;
						TestTargetID = 4A2271312DAD57EF004AAC95;
					};
				};
			};
			buildConfigurationList = 4A22712D2DAD57EF004AAC95 /* Build configuration list for PBXProject "TravelPlanner" */;
			developmentRegion = en;
			hasScannedForEncodings = 0;
			knownRegions = (
				en,
				Base,
			);
			mainGroup = 4A2271292DAD57EF004AAC95;
			minimizedProjectReferenceProxies = 1;
			preferredProjectObjectVersion = 77;
			productRefGroup = 4A2271332DAD57EF004AAC95 /* Products */;
			projectDirPath = "";
			projectRoot = "";
			targets = (
				4A2271312DAD57EF004AAC95 /* TravelPlanner */,
				4A22714A2DAD57F0004AAC95 /* TravelPlannerTests */,
				4A2271542DAD57F0004AAC95 /* TravelPlannerUITests */,
			);
		};
/* End PBXProject section */

/* Begin PBXResourcesBuildPhase section */
		4A2271302DAD57EF004AAC95 /* Resources */ = {
			isa = PBXResourcesBuildPhase;
			buildActionMask = 2147483647;
			files = (
			);
			runOnlyForDeploymentPostprocessing = 0;
		};
		4A2271492DAD57F0004AAC95 /* Resources */ = {
			isa = PBXResourcesBuildPhase;
			buildActionMask = 2147483647;
			files = (
			);
			runOnlyForDeploymentPostprocessing = 0;
		};
		4A2271532DAD57F0004AAC95 /* Resources */ = {
			isa = PBXResourcesBuildPhase;
			buildActionMask = 2147483647;
			files = (
			);
			runOnlyForDeploymentPostprocessing = 0;
		};
/* End PBXResourcesBuildPhase section */

/* Begin PBXSourcesBuildPhase section */
		4A22712E2DAD57EF004AAC95 /* Sources */ = {
			isa = PBXSourcesBuildPhase;
			buildActionMask = 2147483647;
			files = (
				4A2271AA2DAD8730004AAC95 /* Trip+CoreDataClass.swift in Sources */,
				4A2271AB2DAD8730004AAC95 /* Trip+CoreDataProperties.swift in Sources */,
				4A2271AC2DAD8730004AAC95 /* User+CoreDataClass.swift in Sources */,
				4A2271AD2DAD8730004AAC95 /* Destination+CoreDataClass.swift in Sources */,
				4A2271AE2DAD8730004AAC95 /* Destination+CoreDataProperties.swift in Sources */,
				4A2271AF2DAD8730004AAC95 /* User+CoreDataProperties.swift in Sources */,
			);
			runOnlyForDeploymentPostprocessing = 0;
		};
		4A2271472DAD57F0004AAC95 /* Sources */ = {
			isa = PBXSourcesBuildPhase;
			buildActionMask = 2147483647;
			files = (
			);
			runOnlyForDeploymentPostprocessing = 0;
		};
		4A2271512DAD57F0004AAC95 /* Sources */ = {
			isa = PBXSourcesBuildPhase;
			buildActionMask = 2147483647;
			files = (
			);
			runOnlyForDeploymentPostprocessing = 0;
		};
/* End PBXSourcesBuildPhase section */

/* Begin PBXTargetDependency section */
		4A22714D2DAD57F0004AAC95 /* PBXTargetDependency */ = {
			isa = PBXTargetDependency;
			target = 4A2271312DAD57EF004AAC95 /* TravelPlanner */;
			targetProxy = 4A22714C2DAD57F0004AAC95 /* PBXContainerItemProxy */;
		};
		4A2271572DAD57F0004AAC95 /* PBXTargetDependency */ = {
			isa = PBXTargetDependency;
			target = 4A2271312DAD57EF004AAC95 /* TravelPlanner */;
			targetProxy = 4A2271562DAD57F0004AAC95 /* PBXContainerItemProxy */;
		};
/* End PBXTargetDependency section */

/* Begin XCBuildConfiguration section */
		4A22715F2DAD57F0004AAC95 /* Debug */ = {
			isa = XCBuildConfiguration;
			buildSettings = {
				ASSETCATALOG_COMPILER_APPICON_NAME = AppIcon;
				ASSETCATALOG_COMPILER_GLOBAL_ACCENT_COLOR_NAME = AccentColor;
				CODE_SIGN_STYLE = Automatic;
				CURRENT_PROJECT_VERSION = 1;
				GENERATE_INFOPLIST_FILE = YES;
				INFOPLIST_FILE = TravelPlanner/Info.plist;
				INFOPLIST_KEY_UIApplicationSupportsIndirectInputEvents = YES;
				INFOPLIST_KEY_UILaunchStoryboardName = LaunchScreen;
				INFOPLIST_KEY_UIMainStoryboardFile = Main;
				INFOPLIST_KEY_UISupportedInterfaceOrientations_iPad = "UIInterfaceOrientationPortrait UIInterfaceOrientationPortraitUpsideDown UIInterfaceOrientationLandscapeLeft UIInterfaceOrientationLandscapeRight";
				INFOPLIST_KEY_UISupportedInterfaceOrientations_iPhone = "UIInterfaceOrientationPortrait UIInterfaceOrientationLandscapeLeft UIInterfaceOrientationLandscapeRight";
				LD_RUNPATH_SEARCH_PATHS = (
					"$(inherited)",
					"@executable_path/Frameworks",
				);
				MARKETING_VERSION = 1.0;
				PRODUCT_BUNDLE_IDENTIFIER = ca.devonconnelly.TravelPlanner;
				PRODUCT_NAME = "$(TARGET_NAME)";
				SWIFT_EMIT_LOC_STRINGS = YES;
				SWIFT_VERSION = 5.0;
				TARGETED_DEVICE_FAMILY = "1,2";
			};
			name = Debug;
		};
		4A2271602DAD57F0004AAC95 /* Release */ = {
			isa = XCBuildConfiguration;
			buildSettings = {
				ASSETCATALOG_COMPILER_APPICON_NAME = AppIcon;
				ASSETCATALOG_COMPILER_GLOBAL_ACCENT_COLOR_NAME = AccentColor;
				CODE_SIGN_STYLE = Automatic;
				CURRENT_PROJECT_VERSION = 1;
				GENERATE_INFOPLIST_FILE = YES;
				INFOPLIST_FILE = TravelPlanner/Info.plist;
				INFOPLIST_KEY_UIApplicationSupportsIndirectInputEvents = YES;
				INFOPLIST_KEY_UILaunchStoryboardName = LaunchScreen;
				INFOPLIST_KEY_UIMainStoryboardFile = Main;
				INFOPLIST_KEY_UISupportedInterfaceOrientations_iPad = "UIInterfaceOrientationPortrait UIInterfaceOrientationPortraitUpsideDown UIInterfaceOrientationLandscapeLeft UIInterfaceOrientationLandscapeRight";
				INFOPLIST_KEY_UISupportedInterfaceOrientations_iPhone = "UIInterfaceOrientationPortrait UIInterfaceOrientationLandscapeLeft UIInterfaceOrientationLandscapeRight";
				LD_RUNPATH_SEARCH_PATHS = (
					"$(inherited)",
					"@executable_path/Frameworks",
				);
				MARKETING_VERSION = 1.0;
				PRODUCT_BUNDLE_IDENTIFIER = ca.devonconnelly.TravelPlanner;
				PRODUCT_NAME = "$(TARGET_NAME)";
				SWIFT_EMIT_LOC_STRINGS = YES;
				SWIFT_VERSION = 5.0;
				TARGETED_DEVICE_FAMILY = "1,2";
			};
			name = Release;
		};
		4A2271612DAD57F0004AAC95 /* Debug */ = {
			isa = XCBuildConfiguration;
			buildSettings = {
				ALWAYS_SEARCH_USER_PATHS = NO;
				ASSETCATALOG_COMPILER_GENERATE_SWIFT_ASSET_SYMBOL_EXTENSIONS = YES;
				CLANG_ANALYZER_NONNULL = YES;
				CLANG_ANALYZER_NUMBER_OBJECT_CONVERSION = YES_AGGRESSIVE;
				CLANG_CXX_LANGUAGE_STANDARD = "gnu++20";
				CLANG_ENABLE_MODULES = YES;
				CLANG_ENABLE_OBJC_ARC = YES;
				CLANG_ENABLE_OBJC_WEAK = YES;
				CLANG_WARN_BLOCK_CAPTURE_AUTORELEASING = YES;
				CLANG_WARN_BOOL_CONVERSION = YES;
				CLANG_WARN_COMMA = YES;
				CLANG_WARN_CONSTANT_CONVERSION = YES;
				CLANG_WARN_DEPRECATED_OBJC_IMPLEMENTATIONS = YES;
				CLANG_WARN_DIRECT_OBJC_ISA_USAGE = YES_ERROR;
				CLANG_WARN_DOCUMENTATION_COMMENTS = YES;
				CLANG_WARN_EMPTY_BODY = YES;
				CLANG_WARN_ENUM_CONVERSION = YES;
				CLANG_WARN_INFINITE_RECURSION = YES;
				CLANG_WARN_INT_CONVERSION = YES;
				CLANG_WARN_NON_LITERAL_NULL_CONVERSION = YES;
				CLANG_WARN_OBJC_IMPLICIT_RETAIN_SELF = YES;
				CLANG_WARN_OBJC_LITERAL_CONVERSION = YES;
				CLANG_WARN_OBJC_ROOT_CLASS = YES_ERROR;
				CLANG_WARN_QUOTED_INCLUDE_IN_FRAMEWORK_HEADER = YES;
				CLANG_WARN_RANGE_LOOP_ANALYSIS = YES;
				CLANG_WARN_STRICT_PROTOTYPES = YES;
				CLANG_WARN_SUSPICIOUS_MOVE = YES;
				CLANG_WARN_UNGUARDED_AVAILABILITY = YES_AGGRESSIVE;
				CLANG_WARN_UNREACHABLE_CODE = YES;
				CLANG_WARN__DUPLICATE_METHOD_MATCH = YES;
				COPY_PHASE_STRIP = NO;
				DEBUG_INFORMATION_FORMAT = dwarf;
				ENABLE_STRICT_OBJC_MSGSEND = YES;
				ENABLE_TESTABILITY = YES;
				ENABLE_USER_SCRIPT_SANDBOXING = YES;
				GCC_C_LANGUAGE_STANDARD = gnu17;
				GCC_DYNAMIC_NO_PIC = NO;
				GCC_NO_COMMON_BLOCKS = YES;
				GCC_OPTIMIZATION_LEVEL = 0;
				GCC_PREPROCESSOR_DEFINITIONS = (
					"DEBUG=1",
					"$(inherited)",
				);
				GCC_WARN_64_TO_32_BIT_CONVERSION = YES;
				GCC_WARN_ABOUT_RETURN_TYPE = YES_ERROR;
				GCC_WARN_UNDECLARED_SELECTOR = YES;
				GCC_WARN_UNINITIALIZED_AUTOS = YES_AGGRESSIVE;
				GCC_WARN_UNUSED_FUNCTION = YES;
				GCC_WARN_UNUSED_VARIABLE = YES;
				IPHONEOS_DEPLOYMENT_TARGET = 18.4;
				LOCALIZATION_PREFERS_STRING_CATALOGS = YES;
				MTL_ENABLE_DEBUG_INFO = INCLUDE_SOURCE;
				MTL_FAST_MATH = YES;
				ONLY_ACTIVE_ARCH = YES;
				SDKROOT = iphoneos;
				SWIFT_ACTIVE_COMPILATION_CONDITIONS = "DEBUG $(inherited)";
				SWIFT_OPTIMIZATION_LEVEL = "-Onone";
			};
			name = Debug;
		};
		4A2271622DAD57F0004AAC95 /* Release */ = {
			isa = XCBuildConfiguration;
			buildSettings = {
				ALWAYS_SEARCH_USER_PATHS = NO;
				ASSETCATALOG_COMPILER_GENERATE_SWIFT_ASSET_SYMBOL_EXTENSIONS = YES;
				CLANG_ANALYZER_NONNULL = YES;
				CLANG_ANALYZER_NUMBER_OBJECT_CONVERSION = YES_AGGRESSIVE;
				CLANG_CXX_LANGUAGE_STANDARD = "gnu++20";
				CLANG_ENABLE_MODULES = YES;
				CLANG_ENABLE_OBJC_ARC = YES;
				CLANG_ENABLE_OBJC_WEAK = YES;
				CLANG_WARN_BLOCK_CAPTURE_AUTORELEASING = YES;
				CLANG_WARN_BOOL_CONVERSION = YES;
				CLANG_WARN_COMMA = YES;
				CLANG_WARN_CONSTANT_CONVERSION = YES;
				CLANG_WARN_DEPRECATED_OBJC_IMPLEMENTATIONS = YES;
				CLANG_WARN_DIRECT_OBJC_ISA_USAGE = YES_ERROR;
				CLANG_WARN_DOCUMENTATION_COMMENTS = YES;
				CLANG_WARN_EMPTY_BODY = YES;
				CLANG_WARN_ENUM_CONVERSION = YES;
				CLANG_WARN_INFINITE_RECURSION = YES;
				CLANG_WARN_INT_CONVERSION = YES;
				CLANG_WARN_NON_LITERAL_NULL_CONVERSION = YES;
				CLANG_WARN_OBJC_IMPLICIT_RETAIN_SELF = YES;
				CLANG_WARN_OBJC_LITERAL_CONVERSION = YES;
				CLANG_WARN_OBJC_ROOT_CLASS = YES_ERROR;
				CLANG_WARN_QUOTED_INCLUDE_IN_FRAMEWORK_HEADER = YES;
				CLANG_WARN_RANGE_LOOP_ANALYSIS = YES;
				CLANG_WARN_STRICT_PROTOTYPES = YES;
				CLANG_WARN_SUSPICIOUS_MOVE = YES;
				CLANG_WARN_UNGUARDED_AVAILABILITY = YES_AGGRESSIVE;
				CLANG_WARN_UNREACHABLE_CODE = YES;
				CLANG_WARN__DUPLICATE_METHOD_MATCH = YES;
				COPY_PHASE_STRIP = NO;
				DEBUG_INFORMATION_FORMAT = "dwarf-with-dsym";
				ENABLE_NS_ASSERTIONS = NO;
				ENABLE_STRICT_OBJC_MSGSEND = YES;
				ENABLE_USER_SCRIPT_SANDBOXING = YES;
				GCC_C_LANGUAGE_STANDARD = gnu17;
				GCC_NO_COMMON_BLOCKS = YES;
				GCC_WARN_64_TO_32_BIT_CONVERSION = YES;
				GCC_WARN_ABOUT_RETURN_TYPE = YES_ERROR;
				GCC_WARN_UNDECLARED_SELECTOR = YES;
				GCC_WARN_UNINITIALIZED_AUTOS = YES_AGGRESSIVE;
				GCC_WARN_UNUSED_FUNCTION = YES;
				GCC_WARN_UNUSED_VARIABLE = YES;
				IPHONEOS_DEPLOYMENT_TARGET = 18.4;
				LOCALIZATION_PREFERS_STRING_CATALOGS = YES;
				MTL_ENABLE_DEBUG_INFO = NO;
				MTL_FAST_MATH = YES;
				SDKROOT = iphoneos;
				SWIFT_COMPILATION_MODE = wholemodule;
				VALIDATE_PRODUCT = YES;
			};
			name = Release;
		};
		4A2271642DAD57F0004AAC95 /* Debug */ = {
			isa = XCBuildConfiguration;
			buildSettings = {
				BUNDLE_LOADER = "$(TEST_HOST)";
				CODE_SIGN_STYLE = Automatic;
				CURRENT_PROJECT_VERSION = 1;
				GENERATE_INFOPLIST_FILE = YES;
				IPHONEOS_DEPLOYMENT_TARGET = 18.4;
				MARKETING_VERSION = 1.0;
				PRODUCT_BUNDLE_IDENTIFIER = ca.devonconnelly.TravelPlannerTests;
				PRODUCT_NAME = "$(TARGET_NAME)";
				SWIFT_EMIT_LOC_STRINGS = NO;
				SWIFT_VERSION = 5.0;
				TARGETED_DEVICE_FAMILY = "1,2";
				TEST_HOST = "$(BUILT_PRODUCTS_DIR)/TravelPlanner.app/$(BUNDLE_EXECUTABLE_FOLDER_PATH)/TravelPlanner";
			};
			name = Debug;
		};
		4A2271652DAD57F0004AAC95 /* Release */ = {
			isa = XCBuildConfiguration;
			buildSettings = {
				BUNDLE_LOADER = "$(TEST_HOST)";
				CODE_SIGN_STYLE = Automatic;
				CURRENT_PROJECT_VERSION = 1;
				GENERATE_INFOPLIST_FILE = YES;
				IPHONEOS_DEPLOYMENT_TARGET = 18.4;
				MARKETING_VERSION = 1.0;
				PRODUCT_BUNDLE_IDENTIFIER = ca.devonconnelly.TravelPlannerTests;
				PRODUCT_NAME = "$(TARGET_NAME)";
				SWIFT_EMIT_LOC_STRINGS = NO;
				SWIFT_VERSION = 5.0;
				TARGETED_DEVICE_FAMILY = "1,2";
				TEST_HOST = "$(BUILT_PRODUCTS_DIR)/TravelPlanner.app/$(BUNDLE_EXECUTABLE_FOLDER_PATH)/TravelPlanner";
			};
			name = Release;
		};
		4A2271672DAD57F0004AAC95 /* Debug */ = {
			isa = XCBuildConfiguration;
			buildSettings = {
				CODE_SIGN_STYLE = Automatic;
				CURRENT_PROJECT_VERSION = 1;
				GENERATE_INFOPLIST_FILE = YES;
				MARKETING_VERSION = 1.0;
				PRODUCT_BUNDLE_IDENTIFIER = ca.devonconnelly.TravelPlannerUITests;
				PRODUCT_NAME = "$(TARGET_NAME)";
				SWIFT_EMIT_LOC_STRINGS = NO;
				SWIFT_VERSION = 5.0;
				TARGETED_DEVICE_FAMILY = "1,2";
				TEST_TARGET_NAME = TravelPlanner;
			};
			name = Debug;
		};
		4A2271682DAD57F0004AAC95 /* Release */ = {
			isa = XCBuildConfiguration;
			buildSettings = {
				CODE_SIGN_STYLE = Automatic;
				CURRENT_PROJECT_VERSION = 1;
				GENERATE_INFOPLIST_FILE = YES;
				MARKETING_VERSION = 1.0;
				PRODUCT_BUNDLE_IDENTIFIER = ca.devonconnelly.TravelPlannerUITests;
				PRODUCT_NAME = "$(TARGET_NAME)";
				SWIFT_EMIT_LOC_STRINGS = NO;
				SWIFT_VERSION = 5.0;
				TARGETED_DEVICE_FAMILY = "1,2";
				TEST_TARGET_NAME = TravelPlanner;
			};
			name = Release;
		};
/* End XCBuildConfiguration section */

/* Begin XCConfigurationList section */
		4A22712D2DAD57EF004AAC95 /* Build configuration list for PBXProject "TravelPlanner" */ = {
			isa = XCConfigurationList;
			buildConfigurations = (
				4A2271612DAD57F0004AAC95 /* Debug */,
				4A2271622DAD57F0004AAC95 /* Release */,
			);
			defaultConfigurationIsVisible = 0;
			defaultConfigurationName = Release;
		};
		4A22715E2DAD57F0004AAC95 /* Build configuration list for PBXNativeTarget "TravelPlanner" */ = {
			isa = XCConfigurationList;
			buildConfigurations = (
				4A22715F2DAD57F0004AAC95 /* Debug */,
				4A2271602DAD57F0004AAC95 /* Release */,
			);
			defaultConfigurationIsVisible = 0;
			defaultConfigurationName = Release;
		};
		4A2271632DAD57F0004AAC95 /* Build configuration list for PBXNativeTarget "TravelPlannerTests" */ = {
			isa = XCConfigurationList;
			buildConfigurations = (
				4A2271642DAD57F0004AAC95 /* Debug */,
				4A2271652DAD57F0004AAC95 /* Release */,
			);
			defaultConfigurationIsVisible = 0;
			defaultConfigurationName = Release;
		};
		4A2271662DAD57F0004AAC95 /* Build configuration list for PBXNativeTarget "TravelPlannerUITests" */ = {
			isa = XCConfigurationList;
			buildConfigurations = (
				4A2271672DAD57F0004AAC95 /* Debug */,
				4A2271682DAD57F0004AAC95 /* Release */,
			);
			defaultConfigurationIsVisible = 0;
			defaultConfigurationName = Release;
		};
/* End XCConfigurationList section */
	};
	rootObject = 4A22712A2DAD57EF004AAC95 /* Project object */;
}
